
Microsoft Visual Studio Solution File, Format Version 12.00
# Visual Studio Version 16
VisualStudioVersion = 16.0.30320.27
MinimumVisualStudioVersion = 10.0.40219.1
Project("{9A19103F-16F7-4668-BE54-9A1E7A4F7556}") = "CryptoApp", "CryptoApp\CryptoApp\CryptoApp.csproj", "{846DEE7E-F0B0-49CC-8650-02DA681BDB56}"
EndProject
Project("{FAE04EC0-301F-11D3-BF4B-00C04F79EFBC}") = "CryptoApp.Android", "CryptoApp\CryptoApp.Android\CryptoApp.Android.csproj", "{EF44FDB3-F4AD-441E-94BE-7A4028DB41CD}"
EndProject
Project("{FAE04EC0-301F-11D3-BF4B-00C04F79EFBC}") = "CryptoApp.iOS", "CryptoApp\CryptoApp.iOS\CryptoApp.iOS.csproj", "{8F657089-3C80-4E4E-8AB7-DBDDDA86BB31}"
EndProject
Project("{FAE04EC0-301F-11D3-BF4B-00C04F79EFBC}") = "CryptoApp.UWP", "CryptoApp\CryptoApp.UWP\CryptoApp.UWP.csproj", "{ECC7ABDA-16F7-457A-99A9-A9D170B3DBD3}"
EndProject
Global
	GlobalSection(SolutionConfigurationPlatforms) = preSolution
		Ad-Hoc|Any CPU = Ad-Hoc|Any CPU
		Ad-Hoc|ARM = Ad-Hoc|ARM
		Ad-Hoc|iPhone = Ad-Hoc|iPhone
		Ad-Hoc|iPhoneSimulator = Ad-Hoc|iPhoneSimulator
		Ad-Hoc|x64 = Ad-Hoc|x64
		Ad-Hoc|x86 = Ad-Hoc|x86
		AppStore|Any CPU = AppStore|Any CPU
		AppStore|ARM = AppStore|ARM
		AppStore|iPhone = AppStore|iPhone
		AppStore|iPhoneSimulator = AppStore|iPhoneSimulator
		AppStore|x64 = AppStore|x64
		AppStore|x86 = AppStore|x86
		Debug|Any CPU = Debug|Any CPU
		Debug|ARM = Debug|ARM
		Debug|iPhone = Debug|iPhone
		Debug|iPhoneSimulator = Debug|iPhoneSimulator
		Debug|x64 = Debug|x64
		Debug|x86 = Debug|x86
		Release|Any CPU = Release|Any CPU
		Release|ARM = Release|ARM
		Release|iPhone = Release|iPhone
		Release|iPhoneSimulator = Release|iPhoneSimulator
		Release|x64 = Release|x64
		Release|x86 = Release|x86
	EndGlobalSection
	GlobalSection(ProjectConfigurationPlatforms) = postSolution
		{846DEE7E-F0B0-49CC-8650-02DA681BDB56}.Ad-Hoc|Any CPU.ActiveCfg = Debug|Any CPU
		{846DEE7E-F0B0-49CC-8650-02DA681BDB56}.Ad-Hoc|Any CPU.Build.0 = Debug|Any CPU
		{846DEE7E-F0B0-49CC-8650-02DA681BDB56}.Ad-Hoc|ARM.ActiveCfg = Debug|Any CPU
		{846DEE7E-F0B0-49CC-8650-02DA681BDB56}.Ad-Hoc|ARM.Build.0 = Debug|Any CPU
		{846DEE7E-F0B0-49CC-8650-02DA681BDB56}.Ad-Hoc|iPhone.ActiveCfg = Debug|Any CPU
		{846DEE7E-F0B0-49CC-8650-02DA681BDB56}.Ad-Hoc|iPhone.Build.0 = Debug|Any CPU
		{846DEE7E-F0B0-49CC-8650-02DA681BDB56}.Ad-Hoc|iPhoneSimulator.ActiveCfg = Debug|Any CPU
		{846DEE7E-F0B0-49CC-8650-02DA681BDB56}.Ad-Hoc|iPhoneSimulator.Build.0 = Debug|Any CPU
		{846DEE7E-F0B0-49CC-8650-02DA681BDB56}.Ad-Hoc|x64.ActiveCfg = Debug|Any CPU
		{846DEE7E-F0B0-49CC-8650-02DA681BDB56}.Ad-Hoc|x64.Build.0 = Debug|Any CPU
		{846DEE7E-F0B0-49CC-8650-02DA681BDB56}.Ad-Hoc|x86.ActiveCfg = Debug|Any CPU
		{846DEE7E-F0B0-49CC-8650-02DA681BDB56}.Ad-Hoc|x86.Build.0 = Debug|Any CPU
		{846DEE7E-F0B0-49CC-8650-02DA681BDB56}.AppStore|Any CPU.ActiveCfg = Debug|Any CPU
		{846DEE7E-F0B0-49CC-8650-02DA681BDB56}.AppStore|Any CPU.Build.0 = Debug|Any CPU
		{846DEE7E-F0B0-49CC-8650-02DA681BDB56}.AppStore|ARM.ActiveCfg = Debug|Any CPU
		{846DEE7E-F0B0-49CC-8650-02DA681BDB56}.AppStore|ARM.Build.0 = Debug|Any CPU
		{846DEE7E-F0B0-49CC-8650-02DA681BDB56}.AppStore|iPhone.ActiveCfg = Debug|Any CPU
		{846DEE7E-F0B0-49CC-8650-02DA681BDB56}.AppStore|iPhone.Build.0 = Debug|Any CPU
		{846DEE7E-F0B0-49CC-8650-02DA681BDB56}.AppStore|iPhoneSimulator.ActiveCfg = Debug|Any CPU
		{846DEE7E-F0B0-49CC-8650-02DA681BDB56}.AppStore|iPhoneSimulator.Build.0 = Debug|Any CPU
		{846DEE7E-F0B0-49CC-8650-02DA681BDB56}.AppStore|x64.ActiveCfg = Debug|Any CPU
		{846DEE7E-F0B0-49CC-8650-02DA681BDB56}.AppStore|x64.Build.0 = Debug|Any CPU
		{846DEE7E-F0B0-49CC-8650-02DA681BDB56}.AppStore|x86.ActiveCfg = Debug|Any CPU
		{846DEE7E-F0B0-49CC-8650-02DA681BDB56}.AppStore|x86.Build.0 = Debug|Any CPU
		{846DEE7E-F0B0-49CC-8650-02DA681BDB56}.Debug|Any CPU.ActiveCfg = Debug|Any CPU
		{846DEE7E-F0B0-49CC-8650-02DA681BDB56}.Debug|Any CPU.Build.0 = Debug|Any CPU
		{846DEE7E-F0B0-49CC-8650-02DA681BDB56}.Debug|ARM.ActiveCfg = Debug|Any CPU
		{846DEE7E-F0B0-49CC-8650-02DA681BDB56}.Debug|ARM.Build.0 = Debug|Any CPU
		{846DEE7E-F0B0-49CC-8650-02DA681BDB56}.Debug|iPhone.ActiveCfg = Debug|Any CPU
		{846DEE7E-F0B0-49CC-8650-02DA681BDB56}.Debug|iPhone.Build.0 = Debug|Any CPU
		{846DEE7E-F0B0-49CC-8650-02DA681BDB56}.Debug|iPhoneSimulator.ActiveCfg = Debug|Any CPU
		{846DEE7E-F0B0-49CC-8650-02DA681BDB56}.Debug|iPhoneSimulator.Build.0 = Debug|Any CPU
		{846DEE7E-F0B0-49CC-8650-02DA681BDB56}.Debug|x64.ActiveCfg = Debug|Any CPU
		{846DEE7E-F0B0-49CC-8650-02DA681BDB56}.Debug|x64.Build.0 = Debug|Any CPU
		{846DEE7E-F0B0-49CC-8650-02DA681BDB56}.Debug|x86.ActiveCfg = Debug|Any CPU
		{846DEE7E-F0B0-49CC-8650-02DA681BDB56}.Debug|x86.Build.0 = Debug|Any CPU
		{846DEE7E-F0B0-49CC-8650-02DA681BDB56}.Release|Any CPU.ActiveCfg = Release|Any CPU
		{846DEE7E-F0B0-49CC-8650-02DA681BDB56}.Release|Any CPU.Build.0 = Release|Any CPU
		{846DEE7E-F0B0-49CC-8650-02DA681BDB56}.Release|ARM.ActiveCfg = Release|Any CPU
		{846DEE7E-F0B0-49CC-8650-02DA681BDB56}.Release|ARM.Build.0 = Release|Any CPU
		{846DEE7E-F0B0-49CC-8650-02DA681BDB56}.Release|iPhone.ActiveCfg = Release|Any CPU
		{846DEE7E-F0B0-49CC-8650-02DA681BDB56}.Release|iPhone.Build.0 = Release|Any CPU
		{846DEE7E-F0B0-49CC-8650-02DA681BDB56}.Release|iPhoneSimulator.ActiveCfg = Release|Any CPU
		{846DEE7E-F0B0-49CC-8650-02DA681BDB56}.Release|iPhoneSimulator.Build.0 = Release|Any CPU
		{846DEE7E-F0B0-49CC-8650-02DA681BDB56}.Release|x64.ActiveCfg = Release|Any CPU
		{846DEE7E-F0B0-49CC-8650-02DA681BDB56}.Release|x64.Build.0 = Release|Any CPU
		{846DEE7E-F0B0-49CC-8650-02DA681BDB56}.Release|x86.ActiveCfg = Release|Any CPU
		{846DEE7E-F0B0-49CC-8650-02DA681BDB56}.Release|x86.Build.0 = Release|Any CPU
		{EF44FDB3-F4AD-441E-94BE-7A4028DB41CD}.Ad-Hoc|Any CPU.ActiveCfg = Release|Any CPU
		{EF44FDB3-F4AD-441E-94BE-7A4028DB41CD}.Ad-Hoc|Any CPU.Build.0 = Release|Any CPU
		{EF44FDB3-F4AD-441E-94BE-7A4028DB41CD}.Ad-Hoc|Any CPU.Deploy.0 = Release|Any CPU
		{EF44FDB3-F4AD-441E-94BE-7A4028DB41CD}.Ad-Hoc|ARM.ActiveCfg = Release|Any CPU
		{EF44FDB3-F4AD-441E-94BE-7A4028DB41CD}.Ad-Hoc|ARM.Build.0 = Release|Any CPU
		{EF44FDB3-F4AD-441E-94BE-7A4028DB41CD}.Ad-Hoc|ARM.Deploy.0 = Release|Any CPU
		{EF44FDB3-F4AD-441E-94BE-7A4028DB41CD}.Ad-Hoc|iPhone.ActiveCfg = Release|Any CPU
		{EF44FDB3-F4AD-441E-94BE-7A4028DB41CD}.Ad-Hoc|iPhone.Build.0 = Release|Any CPU
		{EF44FDB3-F4AD-441E-94BE-7A4028DB41CD}.Ad-Hoc|iPhone.Deploy.0 = Release|Any CPU
		{EF44FDB3-F4AD-441E-94BE-7A4028DB41CD}.Ad-Hoc|iPhoneSimulator.ActiveCfg = Release|Any CPU
		{EF44FDB3-F4AD-441E-94BE-7A4028DB41CD}.Ad-Hoc|iPhoneSimulator.Build.0 = Release|Any CPU
		{EF44FDB3-F4AD-441E-94BE-7A4028DB41CD}.Ad-Hoc|iPhoneSimulator.Deploy.0 = Release|Any CPU
		{EF44FDB3-F4AD-441E-94BE-7A4028DB41CD}.Ad-Hoc|x64.ActiveCfg = Release|Any CPU
		{EF44FDB3-F4AD-441E-94BE-7A4028DB41CD}.Ad-Hoc|x64.Build.0 = Release|Any CPU
		{EF44FDB3-F4AD-441E-94BE-7A4028DB41CD}.Ad-Hoc|x64.Deploy.0 = Release|Any CPU
		{EF44FDB3-F4AD-441E-94BE-7A4028DB41CD}.Ad-Hoc|x86.ActiveCfg = Release|Any CPU
		{EF44FDB3-F4AD-441E-94BE-7A4028DB41CD}.Ad-Hoc|x86.Build.0 = Release|Any CPU
		{EF44FDB3-F4AD-441E-94BE-7A4028DB41CD}.Ad-Hoc|x86.Deploy.0 = Release|Any CPU
		{EF44FDB3-F4AD-441E-94BE-7A4028DB41CD}.AppStore|Any CPU.ActiveCfg = Release|Any CPU
		{EF44FDB3-F4AD-441E-94BE-7A4028DB41CD}.AppStore|Any CPU.Build.0 = Release|Any CPU
		{EF44FDB3-F4AD-441E-94BE-7A4028DB41CD}.AppStore|Any CPU.Deploy.0 = Release|Any CPU
		{EF44FDB3-F4AD-441E-94BE-7A4028DB41CD}.AppStore|ARM.ActiveCfg = Release|Any CPU
		{EF44FDB3-F4AD-441E-94BE-7A4028DB41CD}.AppStore|ARM.Build.0 = Release|Any CPU
		{EF44FDB3-F4AD-441E-94BE-7A4028DB41CD}.AppStore|ARM.Deploy.0 = Release|Any CPU
		{EF44FDB3-F4AD-441E-94BE-7A4028DB41CD}.AppStore|iPhone.ActiveCfg = Release|Any CPU
		{EF44FDB3-F4AD-441E-94BE-7A4028DB41CD}.AppStore|iPhone.Build.0 = Release|Any CPU
		{EF44FDB3-F4AD-441E-94BE-7A4028DB41CD}.AppStore|iPhone.Deploy.0 = Release|Any CPU
		{EF44FDB3-F4AD-441E-94BE-7A4028DB41CD}.AppStore|iPhoneSimulator.ActiveCfg = Release|Any CPU
		{EF44FDB3-F4AD-441E-94BE-7A4028DB41CD}.AppStore|iPhoneSimulator.Build.0 = Release|Any CPU
		{EF44FDB3-F4AD-441E-94BE-7A4028DB41CD}.AppStore|iPhoneSimulator.Deploy.0 = Release|Any CPU
		{EF44FDB3-F4AD-441E-94BE-7A4028DB41CD}.AppStore|x64.ActiveCfg = Release|Any CPU
		{EF44FDB3-F4AD-441E-94BE-7A4028DB41CD}.AppStore|x64.Build.0 = Release|Any CPU
		{EF44FDB3-F4AD-441E-94BE-7A4028DB41CD}.AppStore|x64.Deploy.0 = Release|Any CPU
		{EF44FDB3-F4AD-441E-94BE-7A4028DB41CD}.AppStore|x86.ActiveCfg = Release|Any CPU
		{EF44FDB3-F4AD-441E-94BE-7A4028DB41CD}.AppStore|x86.Build.0 = Release|Any CPU
		{EF44FDB3-F4AD-441E-94BE-7A4028DB41CD}.AppStore|x86.Deploy.0 = Release|Any CPU
		{EF44FDB3-F4AD-441E-94BE-7A4028DB41CD}.Debug|Any CPU.ActiveCfg = Debug|Any CPU
		{EF44FDB3-F4AD-441E-94BE-7A4028DB41CD}.Debug|Any CPU.Build.0 = Debug|Any CPU
		{EF44FDB3-F4AD-441E-94BE-7A4028DB41CD}.Debug|Any CPU.Deploy.0 = Debug|Any CPU
		{EF44FDB3-F4AD-441E-94BE-7A4028DB41CD}.Debug|ARM.ActiveCfg = Debug|Any CPU
		{EF44FDB3-F4AD-441E-94BE-7A4028DB41CD}.Debug|ARM.Build.0 = Debug|Any CPU
		{EF44FDB3-F4AD-441E-94BE-7A4028DB41CD}.Debug|ARM.Deploy.0 = Debug|Any CPU
		{EF44FDB3-F4AD-441E-94BE-7A4028DB41CD}.Debug|iPhone.ActiveCfg = Debug|Any CPU
		{EF44FDB3-F4AD-441E-94BE-7A4028DB41CD}.Debug|iPhone.Build.0 = Debug|Any CPU
		{EF44FDB3-F4AD-441E-94BE-7A4028DB41CD}.Debug|iPhone.Deploy.0 = Debug|Any CPU
		{EF44FDB3-F4AD-441E-94BE-7A4028DB41CD}.Debug|iPhoneSimulator.ActiveCfg = Debug|Any CPU
		{EF44FDB3-F4AD-441E-94BE-7A4028DB41CD}.Debug|iPhoneSimulator.Build.0 = Debug|Any CPU
		{EF44FDB3-F4AD-441E-94BE-7A4028DB41CD}.Debug|iPhoneSimulator.Deploy.0 = Debug|Any CPU
		{EF44FDB3-F4AD-441E-94BE-7A4028DB41CD}.Debug|x64.ActiveCfg = Debug|Any CPU
		{EF44FDB3-F4AD-441E-94BE-7A4028DB41CD}.Debug|x64.Build.0 = Debug|Any CPU
		{EF44FDB3-F4AD-441E-94BE-7A4028DB41CD}.Debug|x64.Deploy.0 = Debug|Any CPU
		{EF44FDB3-F4AD-441E-94BE-7A4028DB41CD}.Debug|x86.ActiveCfg = Debug|Any CPU
		{EF44FDB3-F4AD-441E-94BE-7A4028DB41CD}.Debug|x86.Build.0 = Debug|Any CPU
		{EF44FDB3-F4AD-441E-94BE-7A4028DB41CD}.Debug|x86.Deploy.0 = Debug|Any CPU
		{EF44FDB3-F4AD-441E-94BE-7A4028DB41CD}.Release|Any CPU.ActiveCfg = Release|Any CPU
		{EF44FDB3-F4AD-441E-94BE-7A4028DB41CD}.Release|Any CPU.Build.0 = Release|Any CPU
		{EF44FDB3-F4AD-441E-94BE-7A4028DB41CD}.Release|Any CPU.Deploy.0 = Release|Any CPU
		{EF44FDB3-F4AD-441E-94BE-7A4028DB41CD}.Release|ARM.ActiveCfg = Release|Any CPU
		{EF44FDB3-F4AD-441E-94BE-7A4028DB41CD}.Release|ARM.Build.0 = Release|Any CPU
		{EF44FDB3-F4AD-441E-94BE-7A4028DB41CD}.Release|ARM.Deploy.0 = Release|Any CPU
		{EF44FDB3-F4AD-441E-94BE-7A4028DB41CD}.Release|iPhone.ActiveCfg = Release|Any CPU
		{EF44FDB3-F4AD-441E-94BE-7A4028DB41CD}.Release|iPhone.Build.0 = Release|Any CPU
		{EF44FDB3-F4AD-441E-94BE-7A4028DB41CD}.Release|iPhone.Deploy.0 = Release|Any CPU
		{EF44FDB3-F4AD-441E-94BE-7A4028DB41CD}.Release|iPhoneSimulator.ActiveCfg = Release|Any CPU
		{EF44FDB3-F4AD-441E-94BE-7A4028DB41CD}.Release|iPhoneSimulator.Build.0 = Release|Any CPU
		{EF44FDB3-F4AD-441E-94BE-7A4028DB41CD}.Release|iPhoneSimulator.Deploy.0 = Release|Any CPU
		{EF44FDB3-F4AD-441E-94BE-7A4028DB41CD}.Release|x64.ActiveCfg = Release|Any CPU
		{EF44FDB3-F4AD-441E-94BE-7A4028DB41CD}.Release|x64.Build.0 = Release|Any CPU
		{EF44FDB3-F4AD-441E-94BE-7A4028DB41CD}.Release|x64.Deploy.0 = Release|Any CPU
		{EF44FDB3-F4AD-441E-94BE-7A4028DB41CD}.Release|x86.ActiveCfg = Release|Any CPU
		{EF44FDB3-F4AD-441E-94BE-7A4028DB41CD}.Release|x86.Build.0 = Release|Any CPU
		{EF44FDB3-F4AD-441E-94BE-7A4028DB41CD}.Release|x86.Deploy.0 = Release|Any CPU
		{8F657089-3C80-4E4E-8AB7-DBDDDA86BB31}.Ad-Hoc|Any CPU.ActiveCfg = Ad-Hoc|iPhone
		{8F657089-3C80-4E4E-8AB7-DBDDDA86BB31}.Ad-Hoc|ARM.ActiveCfg = Ad-Hoc|iPhone
		{8F657089-3C80-4E4E-8AB7-DBDDDA86BB31}.Ad-Hoc|iPhone.ActiveCfg = Ad-Hoc|iPhone
		{8F657089-3C80-4E4E-8AB7-DBDDDA86BB31}.Ad-Hoc|iPhone.Build.0 = Ad-Hoc|iPhone
		{8F657089-3C80-4E4E-8AB7-DBDDDA86BB31}.Ad-Hoc|iPhoneSimulator.ActiveCfg = Ad-Hoc|iPhoneSimulator
		{8F657089-3C80-4E4E-8AB7-DBDDDA86BB31}.Ad-Hoc|iPhoneSimulator.Build.0 = Ad-Hoc|iPhoneSimulator
		{8F657089-3C80-4E4E-8AB7-DBDDDA86BB31}.Ad-Hoc|x64.ActiveCfg = Ad-Hoc|iPhone
		{8F657089-3C80-4E4E-8AB7-DBDDDA86BB31}.Ad-Hoc|x86.ActiveCfg = Ad-Hoc|iPhone
		{8F657089-3C80-4E4E-8AB7-DBDDDA86BB31}.AppStore|Any CPU.ActiveCfg = AppStore|iPhone
		{8F657089-3C80-4E4E-8AB7-DBDDDA86BB31}.AppStore|ARM.ActiveCfg = AppStore|iPhone
		{8F657089-3C80-4E4E-8AB7-DBDDDA86BB31}.AppStore|iPhone.ActiveCfg = AppStore|iPhone
		{8F657089-3C80-4E4E-8AB7-DBDDDA86BB31}.AppStore|iPhone.Build.0 = AppStore|iPhone
		{8F657089-3C80-4E4E-8AB7-DBDDDA86BB31}.AppStore|iPhoneSimulator.ActiveCfg = AppStore|iPhoneSimulator
		{8F657089-3C80-4E4E-8AB7-DBDDDA86BB31}.AppStore|iPhoneSimulator.Build.0 = AppStore|iPhoneSimulator
		{8F657089-3C80-4E4E-8AB7-DBDDDA86BB31}.AppStore|x64.ActiveCfg = AppStore|iPhone
		{8F657089-3C80-4E4E-8AB7-DBDDDA86BB31}.AppStore|x86.ActiveCfg = AppStore|iPhone
		{8F657089-3C80-4E4E-8AB7-DBDDDA86BB31}.Debug|Any CPU.ActiveCfg = Debug|iPhone
		{8F657089-3C80-4E4E-8AB7-DBDDDA86BB31}.Debug|ARM.ActiveCfg = Debug|iPhone
		{8F657089-3C80-4E4E-8AB7-DBDDDA86BB31}.Debug|iPhone.ActiveCfg = Debug|iPhone
		{8F657089-3C80-4E4E-8AB7-DBDDDA86BB31}.Debug|iPhone.Build.0 = Debug|iPhone
		{8F657089-3C80-4E4E-8AB7-DBDDDA86BB31}.Debug|iPhoneSimulator.ActiveCfg = Debug|iPhoneSimulator
		{8F657089-3C80-4E4E-8AB7-DBDDDA86BB31}.Debug|iPhoneSimulator.Build.0 = Debug|iPhoneSimulator
		{8F657089-3C80-4E4E-8AB7-DBDDDA86BB31}.Debug|x64.ActiveCfg = Debug|iPhone
		{8F657089-3C80-4E4E-8AB7-DBDDDA86BB31}.Debug|x86.ActiveCfg = Debug|iPhone
		{8F657089-3C80-4E4E-8AB7-DBDDDA86BB31}.Release|Any CPU.ActiveCfg = Release|iPhone
		{8F657089-3C80-4E4E-8AB7-DBDDDA86BB31}.Release|ARM.ActiveCfg = Release|iPhone
		{8F657089-3C80-4E4E-8AB7-DBDDDA86BB31}.Release|iPhone.ActiveCfg = Release|iPhone
		{8F657089-3C80-4E4E-8AB7-DBDDDA86BB31}.Release|iPhone.Build.0 = Release|iPhone
		{8F657089-3C80-4E4E-8AB7-DBDDDA86BB31}.Release|iPhoneSimulator.ActiveCfg = Release|iPhoneSimulator
		{8F657089-3C80-4E4E-8AB7-DBDDDA86BB31}.Release|iPhoneSimulator.Build.0 = Release|iPhoneSimulator
		{8F657089-3C80-4E4E-8AB7-DBDDDA86BB31}.Release|x64.ActiveCfg = Release|iPhone
		{8F657089-3C80-4E4E-8AB7-DBDDDA86BB31}.Release|x86.ActiveCfg = Release|iPhone
		{ECC7ABDA-16F7-457A-99A9-A9D170B3DBD3}.Ad-Hoc|Any CPU.ActiveCfg = Release|x86
		{ECC7ABDA-16F7-457A-99A9-A9D170B3DBD3}.Ad-Hoc|Any CPU.Build.0 = Release|x86
		{ECC7ABDA-16F7-457A-99A9-A9D170B3DBD3}.Ad-Hoc|Any CPU.Deploy.0 = Release|x86
		{ECC7ABDA-16F7-457A-99A9-A9D170B3DBD3}.Ad-Hoc|ARM.ActiveCfg = Release|ARM
		{ECC7ABDA-16F7-457A-99A9-A9D170B3DBD3}.Ad-Hoc|ARM.Build.0 = Release|ARM
		{ECC7ABDA-16F7-457A-99A9-A9D170B3DBD3}.Ad-Hoc|ARM.Deploy.0 = Release|ARM
		{ECC7ABDA-16F7-457A-99A9-A9D170B3DBD3}.Ad-Hoc|iPhone.ActiveCfg = Release|x86
		{ECC7ABDA-16F7-457A-99A9-A9D170B3DBD3}.Ad-Hoc|iPhone.Build.0 = Release|x86
		{ECC7ABDA-16F7-457A-99A9-A9D170B3DBD3}.Ad-Hoc|iPhone.Deploy.0 = Release|x86
		{ECC7ABDA-16F7-457A-99A9-A9D170B3DBD3}.Ad-Hoc|iPhoneSimulator.ActiveCfg = Release|x86
		{ECC7ABDA-16F7-457A-99A9-A9D170B3DBD3}.Ad-Hoc|iPhoneSimulator.Build.0 = Release|x86
		{ECC7ABDA-16F7-457A-99A9-A9D170B3DBD3}.Ad-Hoc|iPhoneSimulator.Deploy.0 = Release|x86
		{ECC7ABDA-16F7-457A-99A9-A9D170B3DBD3}.Ad-Hoc|x64.ActiveCfg = Release|x64
		{ECC7ABDA-16F7-457A-99A9-A9D170B3DBD3}.Ad-Hoc|x64.Build.0 = Release|x64
		{ECC7ABDA-16F7-457A-99A9-A9D170B3DBD3}.Ad-Hoc|x64.Deploy.0 = Release|x64
		{ECC7ABDA-16F7-457A-99A9-A9D170B3DBD3}.Ad-Hoc|x86.ActiveCfg = Release|x86
		{ECC7ABDA-16F7-457A-99A9-A9D170B3DBD3}.Ad-Hoc|x86.Build.0 = Release|x86
		{ECC7ABDA-16F7-457A-99A9-A9D170B3DBD3}.Ad-Hoc|x86.Deploy.0 = Release|x86
		{ECC7ABDA-16F7-457A-99A9-A9D170B3DBD3}.AppStore|Any CPU.ActiveCfg = Release|x86
		{ECC7ABDA-16F7-457A-99A9-A9D170B3DBD3}.AppStore|Any CPU.Build.0 = Release|x86
		{ECC7ABDA-16F7-457A-99A9-A9D170B3DBD3}.AppStore|Any CPU.Deploy.0 = Release|x86
		{ECC7ABDA-16F7-457A-99A9-A9D170B3DBD3}.AppStore|ARM.ActiveCfg = Release|ARM
		{ECC7ABDA-16F7-457A-99A9-A9D170B3DBD3}.AppStore|ARM.Build.0 = Release|ARM
		{ECC7ABDA-16F7-457A-99A9-A9D170B3DBD3}.AppStore|ARM.Deploy.0 = Release|ARM
		{ECC7ABDA-16F7-457A-99A9-A9D170B3DBD3}.AppStore|iPhone.ActiveCfg = Release|x86
		{ECC7ABDA-16F7-457A-99A9-A9D170B3DBD3}.AppStore|iPhone.Build.0 = Release|x86
		{ECC7ABDA-16F7-457A-99A9-A9D170B3DBD3}.AppStore|iPhone.Deploy.0 = Release|x86
		{ECC7ABDA-16F7-457A-99A9-A9D170B3DBD3}.AppStore|iPhoneSimulator.ActiveCfg = Release|x86
		{ECC7ABDA-16F7-457A-99A9-A9D170B3DBD3}.AppStore|iPhoneSimulator.Build.0 = Release|x86
		{ECC7ABDA-16F7-457A-99A9-A9D170B3DBD3}.AppStore|iPhoneSimulator.Deploy.0 = Release|x86
		{ECC7ABDA-16F7-457A-99A9-A9D170B3DBD3}.AppStore|x64.ActiveCfg = Release|x64
		{ECC7ABDA-16F7-457A-99A9-A9D170B3DBD3}.AppStore|x64.Build.0 = Release|x64
		{ECC7ABDA-16F7-457A-99A9-A9D170B3DBD3}.AppStore|x64.Deploy.0 = Release|x64
		{ECC7ABDA-16F7-457A-99A9-A9D170B3DBD3}.AppStore|x86.ActiveCfg = Release|x86
		{ECC7ABDA-16F7-457A-99A9-A9D170B3DBD3}.AppStore|x86.Build.0 = Release|x86
		{ECC7ABDA-16F7-457A-99A9-A9D170B3DBD3}.AppStore|x86.Deploy.0 = Release|x86
		{ECC7ABDA-16F7-457A-99A9-A9D170B3DBD3}.Debug|Any CPU.ActiveCfg = Debug|x86
		{ECC7ABDA-16F7-457A-99A9-A9D170B3DBD3}.Debug|ARM.ActiveCfg = Debug|ARM
		{ECC7ABDA-16F7-457A-99A9-A9D170B3DBD3}.Debug|ARM.Build.0 = Debug|ARM
		{ECC7ABDA-16F7-457A-99A9-A9D170B3DBD3}.Debug|ARM.Deploy.0 = Debug|ARM
		{ECC7ABDA-16F7-457A-99A9-A9D170B3DBD3}.Debug|iPhone.ActiveCfg = Debug|x86
		{ECC7ABDA-16F7-457A-99A9-A9D170B3DBD3}.Debug|iPhoneSimulator.ActiveCfg = Debug|x86
		{ECC7ABDA-16F7-457A-99A9-A9D170B3DBD3}.Debug|x64.ActiveCfg = Debug|x64
		{ECC7ABDA-16F7-457A-99A9-A9D170B3DBD3}.Debug|x64.Build.0 = Debug|x64
		{ECC7ABDA-16F7-457A-99A9-A9D170B3DBD3}.Debug|x64.Deploy.0 = Debug|x64
		{ECC7ABDA-16F7-457A-99A9-A9D170B3DBD3}.Debug|x86.ActiveCfg = Debug|x86
		{ECC7ABDA-16F7-457A-99A9-A9D170B3DBD3}.Debug|x86.Build.0 = Debug|x86
		{ECC7ABDA-16F7-457A-99A9-A9D170B3DBD3}.Debug|x86.Deploy.0 = Debug|x86
		{ECC7ABDA-16F7-457A-99A9-A9D170B3DBD3}.Release|Any CPU.ActiveCfg = Release|x86
		{ECC7ABDA-16F7-457A-99A9-A9D170B3DBD3}.Release|ARM.ActiveCfg = Release|ARM
		{ECC7ABDA-16F7-457A-99A9-A9D170B3DBD3}.Release|ARM.Build.0 = Release|ARM
		{ECC7ABDA-16F7-457A-99A9-A9D170B3DBD3}.Release|ARM.Deploy.0 = Release|ARM
		{ECC7ABDA-16F7-457A-99A9-A9D170B3DBD3}.Release|iPhone.ActiveCfg = Release|x86
		{ECC7ABDA-16F7-457A-99A9-A9D170B3DBD3}.Release|iPhoneSimulator.ActiveCfg = Release|x86
		{ECC7ABDA-16F7-457A-99A9-A9D170B3DBD3}.Release|x64.ActiveCfg = Release|x64
		{ECC7ABDA-16F7-457A-99A9-A9D170B3DBD3}.Release|x64.Build.0 = Release|x64
		{ECC7ABDA-16F7-457A-99A9-A9D170B3DBD3}.Release|x64.Deploy.0 = Release|x64
		{ECC7ABDA-16F7-457A-99A9-A9D170B3DBD3}.Release|x86.ActiveCfg = Release|x86
		{ECC7ABDA-16F7-457A-99A9-A9D170B3DBD3}.Release|x86.Build.0 = Release|x86
		{ECC7ABDA-16F7-457A-99A9-A9D170B3DBD3}.Release|x86.Deploy.0 = Release|x86
	EndGlobalSection
	GlobalSection(SolutionProperties) = preSolution
		HideSolutionNode = FALSE
	EndGlobalSection
	GlobalSection(ExtensibilityGlobals) = postSolution
		SolutionGuid = {B7BE8A76-A57D-4346-BAAA-96A35F85131A}
	EndGlobalSection
EndGlobal
